
Microsoft Visual Studio Solution File, Format Version 12.00
# Visual Studio Version 16
VisualStudioVersion = 16.0.29728.190
MinimumVisualStudioVersion = 10.0.40219.1
Project("{FAE04EC0-301F-11D3-BF4B-00C04F79EFBC}") = "AplicacionTest.UWP", "AplicacionTest.UWP\AplicacionTest.UWP.csproj", "{609D9B8A-07A0-4565-9C48-5E4A230D8927}"
EndProject
Project("{FAE04EC0-301F-11D3-BF4B-00C04F79EFBC}") = "AplicacionTest.Android", "AplicacionTest.Android\AplicacionTest.Android.csproj", "{4F280D41-480D-48AA-A297-B0D55A969198}"
EndProject
Project("{FAE04EC0-301F-11D3-BF4B-00C04F79EFBC}") = "AplicacionTest.iOS", "AplicacionTest.iOS\AplicacionTest.iOS.csproj", "{DAB64360-B0C6-4A21-922E-C8726E5B0920}"
EndProject
Project("{FAE04EC0-301F-11D3-BF4B-00C04F79EFBC}") = "AplicacionTest", "AplicacionTest\AplicacionTest.csproj", "{2B2D0FC9-2807-479E-AECF-02B164833A1B}"
EndProject
Global
	GlobalSection(SolutionConfigurationPlatforms) = preSolution
		Debug|Any CPU = Debug|Any CPU
		Debug|ARM = Debug|ARM
		Debug|iPhone = Debug|iPhone
		Debug|iPhoneSimulator = Debug|iPhoneSimulator
		Debug|x64 = Debug|x64
		Debug|x86 = Debug|x86
		Release|Any CPU = Release|Any CPU
		Release|ARM = Release|ARM
		Release|iPhone = Release|iPhone
		Release|iPhoneSimulator = Release|iPhoneSimulator
		Release|x64 = Release|x64
		Release|x86 = Release|x86
	EndGlobalSection
	GlobalSection(ProjectConfigurationPlatforms) = postSolution
		{609D9B8A-07A0-4565-9C48-5E4A230D8927}.Debug|Any CPU.ActiveCfg = Debug|x86
		{609D9B8A-07A0-4565-9C48-5E4A230D8927}.Debug|Any CPU.Build.0 = Debug|x86
		{609D9B8A-07A0-4565-9C48-5E4A230D8927}.Debug|Any CPU.Deploy.0 = Debug|x86
		{609D9B8A-07A0-4565-9C48-5E4A230D8927}.Debug|ARM.ActiveCfg = Debug|ARM
		{609D9B8A-07A0-4565-9C48-5E4A230D8927}.Debug|ARM.Build.0 = Debug|ARM
		{609D9B8A-07A0-4565-9C48-5E4A230D8927}.Debug|ARM.Deploy.0 = Debug|ARM
		{609D9B8A-07A0-4565-9C48-5E4A230D8927}.Debug|iPhone.ActiveCfg = Debug|x86
		{609D9B8A-07A0-4565-9C48-5E4A230D8927}.Debug|iPhone.Build.0 = Debug|x86
		{609D9B8A-07A0-4565-9C48-5E4A230D8927}.Debug|iPhone.Deploy.0 = Debug|x86
		{609D9B8A-07A0-4565-9C48-5E4A230D8927}.Debug|iPhoneSimulator.ActiveCfg = Debug|x86
		{609D9B8A-07A0-4565-9C48-5E4A230D8927}.Debug|iPhoneSimulator.Build.0 = Debug|x86
		{609D9B8A-07A0-4565-9C48-5E4A230D8927}.Debug|iPhoneSimulator.Deploy.0 = Debug|x86
		{609D9B8A-07A0-4565-9C48-5E4A230D8927}.Debug|x64.ActiveCfg = Debug|x64
		{609D9B8A-07A0-4565-9C48-5E4A230D8927}.Debug|x64.Build.0 = Debug|x64
		{609D9B8A-07A0-4565-9C48-5E4A230D8927}.Debug|x64.Deploy.0 = Debug|x64
		{609D9B8A-07A0-4565-9C48-5E4A230D8927}.Debug|x86.ActiveCfg = Debug|x86
		{609D9B8A-07A0-4565-9C48-5E4A230D8927}.Debug|x86.Build.0 = Debug|x86
		{609D9B8A-07A0-4565-9C48-5E4A230D8927}.Debug|x86.Deploy.0 = Debug|x86
		{609D9B8A-07A0-4565-9C48-5E4A230D8927}.Release|Any CPU.ActiveCfg = Release|x86
		{609D9B8A-07A0-4565-9C48-5E4A230D8927}.Release|Any CPU.Build.0 = Release|x86
		{609D9B8A-07A0-4565-9C48-5E4A230D8927}.Release|Any CPU.Deploy.0 = Release|x86
		{609D9B8A-07A0-4565-9C48-5E4A230D8927}.Release|ARM.ActiveCfg = Release|ARM
		{609D9B8A-07A0-4565-9C48-5E4A230D8927}.Release|ARM.Build.0 = Release|ARM
		{609D9B8A-07A0-4565-9C48-5E4A230D8927}.Release|ARM.Deploy.0 = Release|ARM
		{609D9B8A-07A0-4565-9C48-5E4A230D8927}.Release|iPhone.ActiveCfg = Release|x86
		{609D9B8A-07A0-4565-9C48-5E4A230D8927}.Release|iPhone.Build.0 = Release|x86
		{609D9B8A-07A0-4565-9C48-5E4A230D8927}.Release|iPhone.Deploy.0 = Release|x86
		{609D9B8A-07A0-4565-9C48-5E4A230D8927}.Release|iPhoneSimulator.ActiveCfg = Release|x86
		{609D9B8A-07A0-4565-9C48-5E4A230D8927}.Release|iPhoneSimulator.Build.0 = Release|x86
		{609D9B8A-07A0-4565-9C48-5E4A230D8927}.Release|iPhoneSimulator.Deploy.0 = Release|x86
		{609D9B8A-07A0-4565-9C48-5E4A230D8927}.Release|x64.ActiveCfg = Release|x64
		{609D9B8A-07A0-4565-9C48-5E4A230D8927}.Release|x64.Build.0 = Release|x64
		{609D9B8A-07A0-4565-9C48-5E4A230D8927}.Release|x64.Deploy.0 = Release|x64
		{609D9B8A-07A0-4565-9C48-5E4A230D8927}.Release|x86.ActiveCfg = Release|x86
		{609D9B8A-07A0-4565-9C48-5E4A230D8927}.Release|x86.Build.0 = Release|x86
		{609D9B8A-07A0-4565-9C48-5E4A230D8927}.Release|x86.Deploy.0 = Release|x86
		{4F280D41-480D-48AA-A297-B0D55A969198}.Debug|Any CPU.ActiveCfg = Debug|Any CPU
		{4F280D41-480D-48AA-A297-B0D55A969198}.Debug|Any CPU.Build.0 = Debug|Any CPU
		{4F280D41-480D-48AA-A297-B0D55A969198}.Debug|Any CPU.Deploy.0 = Debug|Any CPU
		{4F280D41-480D-48AA-A297-B0D55A969198}.Debug|ARM.ActiveCfg = Debug|Any CPU
		{4F280D41-480D-48AA-A297-B0D55A969198}.Debug|ARM.Build.0 = Debug|Any CPU
		{4F280D41-480D-48AA-A297-B0D55A969198}.Debug|ARM.Deploy.0 = Debug|Any CPU
		{4F280D41-480D-48AA-A297-B0D55A969198}.Debug|iPhone.ActiveCfg = Debug|Any CPU
		{4F280D41-480D-48AA-A297-B0D55A969198}.Debug|iPhone.Build.0 = Debug|Any CPU
		{4F280D41-480D-48AA-A297-B0D55A969198}.Debug|iPhone.Deploy.0 = Debug|Any CPU
		{4F280D41-480D-48AA-A297-B0D55A969198}.Debug|iPhoneSimulator.ActiveCfg = Debug|Any CPU
		{4F280D41-480D-48AA-A297-B0D55A969198}.Debug|iPhoneSimulator.Build.0 = Debug|Any CPU
		{4F280D41-480D-48AA-A297-B0D55A969198}.Debug|iPhoneSimulator.Deploy.0 = Debug|Any CPU
		{4F280D41-480D-48AA-A297-B0D55A969198}.Debug|x64.ActiveCfg = Debug|Any CPU
		{4F280D41-480D-48AA-A297-B0D55A969198}.Debug|x64.Build.0 = Debug|Any CPU
		{4F280D41-480D-48AA-A297-B0D55A969198}.Debug|x64.Deploy.0 = Debug|Any CPU
		{4F280D41-480D-48AA-A297-B0D55A969198}.Debug|x86.ActiveCfg = Debug|Any CPU
		{4F280D41-480D-48AA-A297-B0D55A969198}.Debug|x86.Build.0 = Debug|Any CPU
		{4F280D41-480D-48AA-A297-B0D55A969198}.Debug|x86.Deploy.0 = Debug|Any CPU
		{4F280D41-480D-48AA-A297-B0D55A969198}.Release|Any CPU.ActiveCfg = Release|Any CPU
		{4F280D41-480D-48AA-A297-B0D55A969198}.Release|Any CPU.Build.0 = Release|Any CPU
		{4F280D41-480D-48AA-A297-B0D55A969198}.Release|Any CPU.Deploy.0 = Release|Any CPU
		{4F280D41-480D-48AA-A297-B0D55A969198}.Release|ARM.ActiveCfg = Release|Any CPU
		{4F280D41-480D-48AA-A297-B0D55A969198}.Release|ARM.Build.0 = Release|Any CPU
		{4F280D41-480D-48AA-A297-B0D55A969198}.Release|ARM.Deploy.0 = Release|Any CPU
		{4F280D41-480D-48AA-A297-B0D55A969198}.Release|iPhone.ActiveCfg = Release|Any CPU
		{4F280D41-480D-48AA-A297-B0D55A969198}.Release|iPhone.Build.0 = Release|Any CPU
		{4F280D41-480D-48AA-A297-B0D55A969198}.Release|iPhone.Deploy.0 = Release|Any CPU
		{4F280D41-480D-48AA-A297-B0D55A969198}.Release|iPhoneSimulator.ActiveCfg = Release|Any CPU
		{4F280D41-480D-48AA-A297-B0D55A969198}.Release|iPhoneSimulator.Build.0 = Release|Any CPU
		{4F280D41-480D-48AA-A297-B0D55A969198}.Release|iPhoneSimulator.Deploy.0 = Release|Any CPU
		{4F280D41-480D-48AA-A297-B0D55A969198}.Release|x64.ActiveCfg = Release|Any CPU
		{4F280D41-480D-48AA-A297-B0D55A969198}.Release|x64.Build.0 = Release|Any CPU
		{4F280D41-480D-48AA-A297-B0D55A969198}.Release|x64.Deploy.0 = Release|Any CPU
		{4F280D41-480D-48AA-A297-B0D55A969198}.Release|x86.ActiveCfg = Release|Any CPU
		{4F280D41-480D-48AA-A297-B0D55A969198}.Release|x86.Build.0 = Release|Any CPU
		{4F280D41-480D-48AA-A297-B0D55A969198}.Release|x86.Deploy.0 = Release|Any CPU
		{DAB64360-B0C6-4A21-922E-C8726E5B0920}.Debug|Any CPU.ActiveCfg = Debug|iPhone
		{DAB64360-B0C6-4A21-922E-C8726E5B0920}.Debug|Any CPU.Build.0 = Debug|iPhone
		{DAB64360-B0C6-4A21-922E-C8726E5B0920}.Debug|Any CPU.Deploy.0 = Debug|iPhone
		{DAB64360-B0C6-4A21-922E-C8726E5B0920}.Debug|ARM.ActiveCfg = Debug|iPhoneSimulator
		{DAB64360-B0C6-4A21-922E-C8726E5B0920}.Debug|ARM.Build.0 = Debug|iPhoneSimulator
		{DAB64360-B0C6-4A21-922E-C8726E5B0920}.Debug|ARM.Deploy.0 = Debug|iPhoneSimulator
		{DAB64360-B0C6-4A21-922E-C8726E5B0920}.Debug|iPhone.ActiveCfg = Debug|iPhone
		{DAB64360-B0C6-4A21-922E-C8726E5B0920}.Debug|iPhone.Build.0 = Debug|iPhone
		{DAB64360-B0C6-4A21-922E-C8726E5B0920}.Debug|iPhone.Deploy.0 = Debug|iPhone
		{DAB64360-B0C6-4A21-922E-C8726E5B0920}.Debug|iPhoneSimulator.ActiveCfg = Debug|iPhoneSimulator
		{DAB64360-B0C6-4A21-922E-C8726E5B0920}.Debug|iPhoneSimulator.Build.0 = Debug|iPhoneSimulator
		{DAB64360-B0C6-4A21-922E-C8726E5B0920}.Debug|iPhoneSimulator.Deploy.0 = Debug|iPhoneSimulator
		{DAB64360-B0C6-4A21-922E-C8726E5B0920}.Debug|x64.ActiveCfg = Debug|iPhone
		{DAB64360-B0C6-4A21-922E-C8726E5B0920}.Debug|x64.Build.0 = Debug|iPhone
		{DAB64360-B0C6-4A21-922E-C8726E5B0920}.Debug|x64.Deploy.0 = Debug|iPhone
		{DAB64360-B0C6-4A21-922E-C8726E5B0920}.Debug|x86.ActiveCfg = Debug|iPhone
		{DAB64360-B0C6-4A21-922E-C8726E5B0920}.Debug|x86.Build.0 = Debug|iPhone
		{DAB64360-B0C6-4A21-922E-C8726E5B0920}.Debug|x86.Deploy.0 = Debug|iPhone
		{DAB64360-B0C6-4A21-922E-C8726E5B0920}.Release|Any CPU.ActiveCfg = Release|iPhone
		{DAB64360-B0C6-4A21-922E-C8726E5B0920}.Release|Any CPU.Build.0 = Release|iPhone
		{DAB64360-B0C6-4A21-922E-C8726E5B0920}.Release|Any CPU.Deploy.0 = Release|iPhone
		{DAB64360-B0C6-4A21-922E-C8726E5B0920}.Release|ARM.ActiveCfg = Release|iPhone
		{DAB64360-B0C6-4A21-922E-C8726E5B0920}.Release|ARM.Build.0 = Release|iPhone
		{DAB64360-B0C6-4A21-922E-C8726E5B0920}.Release|ARM.Deploy.0 = Release|iPhone
		{DAB64360-B0C6-4A21-922E-C8726E5B0920}.Release|iPhone.ActiveCfg = Release|iPhone
		{DAB64360-B0C6-4A21-922E-C8726E5B0920}.Release|iPhone.Build.0 = Release|iPhone
		{DAB64360-B0C6-4A21-922E-C8726E5B0920}.Release|iPhone.Deploy.0 = Release|iPhone
		{DAB64360-B0C6-4A21-922E-C8726E5B0920}.Release|iPhoneSimulator.ActiveCfg = Release|iPhoneSimulator
		{DAB64360-B0C6-4A21-922E-C8726E5B0920}.Release|iPhoneSimulator.Build.0 = Release|iPhoneSimulator
		{DAB64360-B0C6-4A21-922E-C8726E5B0920}.Release|iPhoneSimulator.Deploy.0 = Release|iPhoneSimulator
		{DAB64360-B0C6-4A21-922E-C8726E5B0920}.Release|x64.ActiveCfg = Release|iPhone
		{DAB64360-B0C6-4A21-922E-C8726E5B0920}.Release|x64.Build.0 = Release|iPhone
		{DAB64360-B0C6-4A21-922E-C8726E5B0920}.Release|x64.Deploy.0 = Release|iPhone
		{DAB64360-B0C6-4A21-922E-C8726E5B0920}.Release|x86.ActiveCfg = Release|iPhone
		{DAB64360-B0C6-4A21-922E-C8726E5B0920}.Release|x86.Build.0 = Release|iPhone
		{DAB64360-B0C6-4A21-922E-C8726E5B0920}.Release|x86.Deploy.0 = Release|iPhone
		{2B2D0FC9-2807-479E-AECF-02B164833A1B}.Debug|Any CPU.ActiveCfg = Debug|Any CPU
		{2B2D0FC9-2807-479E-AECF-02B164833A1B}.Debug|Any CPU.Build.0 = Debug|Any CPU
		{2B2D0FC9-2807-479E-AECF-02B164833A1B}.Debug|Any CPU.Deploy.0 = Debug|Any CPU
		{2B2D0FC9-2807-479E-AECF-02B164833A1B}.Debug|ARM.ActiveCfg = Debug|Any CPU
		{2B2D0FC9-2807-479E-AECF-02B164833A1B}.Debug|ARM.Build.0 = Debug|Any CPU
		{2B2D0FC9-2807-479E-AECF-02B164833A1B}.Debug|ARM.Deploy.0 = Debug|Any CPU
		{2B2D0FC9-2807-479E-AECF-02B164833A1B}.Debug|iPhone.ActiveCfg = Debug|Any CPU
		{2B2D0FC9-2807-479E-AECF-02B164833A1B}.Debug|iPhone.Build.0 = Debug|Any CPU
		{2B2D0FC9-2807-479E-AECF-02B164833A1B}.Debug|iPhone.Deploy.0 = Debug|Any CPU
		{2B2D0FC9-2807-479E-AECF-02B164833A1B}.Debug|iPhoneSimulator.ActiveCfg = Debug|Any CPU
		{2B2D0FC9-2807-479E-AECF-02B164833A1B}.Debug|iPhoneSimulator.Build.0 = Debug|Any CPU
		{2B2D0FC9-2807-479E-AECF-02B164833A1B}.Debug|iPhoneSimulator.Deploy.0 = Debug|Any CPU
		{2B2D0FC9-2807-479E-AECF-02B164833A1B}.Debug|x64.ActiveCfg = Debug|Any CPU
		{2B2D0FC9-2807-479E-AECF-02B164833A1B}.Debug|x64.Build.0 = Debug|Any CPU
		{2B2D0FC9-2807-479E-AECF-02B164833A1B}.Debug|x64.Deploy.0 = Debug|Any CPU
		{2B2D0FC9-2807-479E-AECF-02B164833A1B}.Debug|x86.ActiveCfg = Debug|Any CPU
		{2B2D0FC9-2807-479E-AECF-02B164833A1B}.Debug|x86.Build.0 = Debug|Any CPU
		{2B2D0FC9-2807-479E-AECF-02B164833A1B}.Debug|x86.Deploy.0 = Debug|Any CPU
		{2B2D0FC9-2807-479E-AECF-02B164833A1B}.Release|Any CPU.ActiveCfg = Release|Any CPU
		{2B2D0FC9-2807-479E-AECF-02B164833A1B}.Release|Any CPU.Build.0 = Release|Any CPU
		{2B2D0FC9-2807-479E-AECF-02B164833A1B}.Release|Any CPU.Deploy.0 = Release|Any CPU
		{2B2D0FC9-2807-479E-AECF-02B164833A1B}.Release|ARM.ActiveCfg = Release|Any CPU
		{2B2D0FC9-2807-479E-AECF-02B164833A1B}.Release|ARM.Build.0 = Release|Any CPU
		{2B2D0FC9-2807-479E-AECF-02B164833A1B}.Release|ARM.Deploy.0 = Release|Any CPU
		{2B2D0FC9-2807-479E-AECF-02B164833A1B}.Release|iPhone.ActiveCfg = Release|Any CPU
		{2B2D0FC9-2807-479E-AECF-02B164833A1B}.Release|iPhone.Build.0 = Release|Any CPU
		{2B2D0FC9-2807-479E-AECF-02B164833A1B}.Release|iPhone.Deploy.0 = Release|Any CPU
		{2B2D0FC9-2807-479E-AECF-02B164833A1B}.Release|iPhoneSimulator.ActiveCfg = Release|Any CPU
		{2B2D0FC9-2807-479E-AECF-02B164833A1B}.Release|iPhoneSimulator.Build.0 = Release|Any CPU
		{2B2D0FC9-2807-479E-AECF-02B164833A1B}.Release|iPhoneSimulator.Deploy.0 = Release|Any CPU
		{2B2D0FC9-2807-479E-AECF-02B164833A1B}.Release|x64.ActiveCfg = Release|Any CPU
		{2B2D0FC9-2807-479E-AECF-02B164833A1B}.Release|x64.Build.0 = Release|Any CPU
		{2B2D0FC9-2807-479E-AECF-02B164833A1B}.Release|x64.Deploy.0 = Release|Any CPU
		{2B2D0FC9-2807-479E-AECF-02B164833A1B}.Release|x86.ActiveCfg = Release|Any CPU
		{2B2D0FC9-2807-479E-AECF-02B164833A1B}.Release|x86.Build.0 = Release|Any CPU
		{2B2D0FC9-2807-479E-AECF-02B164833A1B}.Release|x86.Deploy.0 = Release|Any CPU
	EndGlobalSection
	GlobalSection(SolutionProperties) = preSolution
		HideSolutionNode = FALSE
	EndGlobalSection
	GlobalSection(ExtensibilityGlobals) = postSolution
		SolutionGuid = {314A4A08-FEEF-42A9-A683-80B2FE78BBF1}
	EndGlobalSection
EndGlobal
